
Microsoft Visual Studio Solution File, Format Version 12.00
# Visual Studio Version 16
VisualStudioVersion = 16.0.29920.165
MinimumVisualStudioVersion = 10.0.40219.1
Project("{8BC9CEB8-8B4A-11D0-8D11-00A0C91BC942}") = "1043", "1043\1043.vcxproj", "{668B45FF-A1E3-449F-9616-5F6A840E363F}"
EndProject
Global
	GlobalSection(SolutionConfigurationPlatforms) = preSolution
		Debug|x64 = Debug|x64
		Debug|x86 = Debug|x86
		Release|x64 = Release|x64
		Release|x86 = Release|x86
	EndGlobalSection
	GlobalSection(ProjectConfigurationPlatforms) = postSolution
		{668B45FF-A1E3-449F-9616-5F6A840E363F}.Debug|x64.ActiveCfg = Debug|x64
		{668B45FF-A1E3-449F-9616-5F6A840E363F}.Debug|x64.Build.0 = Debug|x64
		{668B45FF-A1E3-449F-9616-5F6A840E363F}.Debug|x86.ActiveCfg = Debug|Win32
		{668B45FF-A1E3-449F-9616-5F6A840E363F}.Debug|x86.Build.0 = Debug|Win32
		{668B45FF-A1E3-449F-9616-5F6A840E363F}.Release|x64.ActiveCfg = Release|x64
		{668B45FF-A1E3-449F-9616-5F6A840E363F}.Release|x64.Build.0 = Release|x64
		{668B45FF-A1E3-449F-9616-5F6A840E363F}.Release|x86.ActiveCfg = Release|Win32
		{668B45FF-A1E3-449F-9616-5F6A840E363F}.Release|x86.Build.0 = Release|Win32
	EndGlobalSection
	GlobalSection(SolutionProperties) = preSolution
		HideSolutionNode = FALSE
	EndGlobalSection
	GlobalSection(ExtensibilityGlobals) = postSolution
		SolutionGuid = {1B1D469A-C794-4C3D-95ED-A64D21E7A389}
	EndGlobalSection
EndGlobal
