
Microsoft Visual Studio Solution File, Format Version 12.00
# Visual Studio Version 16
VisualStudioVersion = 16.0.29920.165
MinimumVisualStudioVersion = 10.0.40219.1
Project("{8BC9CEB8-8B4A-11D0-8D11-00A0C91BC942}") = "1151 LCA in a Binary Tree (30分)", "1151 LCA in a Binary Tree (30分)\1151 LCA in a Binary Tree (30分).vcxproj", "{F156BCAF-720B-4366-8C4B-0C88BA99E2F2}"
EndProject
Global
	GlobalSection(SolutionConfigurationPlatforms) = preSolution
		Debug|x64 = Debug|x64
		Debug|x86 = Debug|x86
		Release|x64 = Release|x64
		Release|x86 = Release|x86
	EndGlobalSection
	GlobalSection(ProjectConfigurationPlatforms) = postSolution
		{F156BCAF-720B-4366-8C4B-0C88BA99E2F2}.Debug|x64.ActiveCfg = Debug|x64
		{F156BCAF-720B-4366-8C4B-0C88BA99E2F2}.Debug|x64.Build.0 = Debug|x64
		{F156BCAF-720B-4366-8C4B-0C88BA99E2F2}.Debug|x86.ActiveCfg = Debug|Win32
		{F156BCAF-720B-4366-8C4B-0C88BA99E2F2}.Debug|x86.Build.0 = Debug|Win32
		{F156BCAF-720B-4366-8C4B-0C88BA99E2F2}.Release|x64.ActiveCfg = Release|x64
		{F156BCAF-720B-4366-8C4B-0C88BA99E2F2}.Release|x64.Build.0 = Release|x64
		{F156BCAF-720B-4366-8C4B-0C88BA99E2F2}.Release|x86.ActiveCfg = Release|Win32
		{F156BCAF-720B-4366-8C4B-0C88BA99E2F2}.Release|x86.Build.0 = Release|Win32
	EndGlobalSection
	GlobalSection(SolutionProperties) = preSolution
		HideSolutionNode = FALSE
	EndGlobalSection
	GlobalSection(ExtensibilityGlobals) = postSolution
		SolutionGuid = {C58A30C7-F7CB-403D-AD70-92FBD1DD6314}
	EndGlobalSection
EndGlobal
