
Microsoft Visual Studio Solution File, Format Version 12.00
# Visual Studio Version 16
VisualStudioVersion = 16.0.29920.165
MinimumVisualStudioVersion = 10.0.40219.1
Project("{8BC9CEB8-8B4A-11D0-8D11-00A0C91BC942}") = "1086 Tree Traversals Again (25分)", "1086 Tree Traversals Again (25分)\1086 Tree Traversals Again (25分).vcxproj", "{10B6A503-867C-427E-A764-9571674AB855}"
EndProject
Global
	GlobalSection(SolutionConfigurationPlatforms) = preSolution
		Debug|x64 = Debug|x64
		Debug|x86 = Debug|x86
		Release|x64 = Release|x64
		Release|x86 = Release|x86
	EndGlobalSection
	GlobalSection(ProjectConfigurationPlatforms) = postSolution
		{10B6A503-867C-427E-A764-9571674AB855}.Debug|x64.ActiveCfg = Debug|x64
		{10B6A503-867C-427E-A764-9571674AB855}.Debug|x64.Build.0 = Debug|x64
		{10B6A503-867C-427E-A764-9571674AB855}.Debug|x86.ActiveCfg = Debug|Win32
		{10B6A503-867C-427E-A764-9571674AB855}.Debug|x86.Build.0 = Debug|Win32
		{10B6A503-867C-427E-A764-9571674AB855}.Release|x64.ActiveCfg = Release|x64
		{10B6A503-867C-427E-A764-9571674AB855}.Release|x64.Build.0 = Release|x64
		{10B6A503-867C-427E-A764-9571674AB855}.Release|x86.ActiveCfg = Release|Win32
		{10B6A503-867C-427E-A764-9571674AB855}.Release|x86.Build.0 = Release|Win32
	EndGlobalSection
	GlobalSection(SolutionProperties) = preSolution
		HideSolutionNode = FALSE
	EndGlobalSection
	GlobalSection(ExtensibilityGlobals) = postSolution
		SolutionGuid = {CDA00F5F-653D-49D8-BD23-4ABBB5220F96}
	EndGlobalSection
EndGlobal
